dependencies:
  idf:
    source:
      type: idf
    version: 6.1.0
  lvgl/lvgl:
    component_hash: 096c69af22eaf8a2b721e3913da91918c5e6bf1a762a113ec01f401aa61337a0
    dependencies: []
    source:
      registry_url: https://components.espressif.com/
      type: service
    version: 9.2.2
direct_dependencies:
- lvgl/lvgl
manifest_hash: 5ab65d0f358a170990f3bad6866767fcc2d8a3d8167fcd8654882028ab06da21
target: esp32
version: 2.0.0
