dependencies:
  idf:
    source:
      type: idf
    version: 6.1.0
  lvgl/lvgl:
    component_hash: 096c69af22eaf8a2b721e3913da91918c5e6bf1a762a113ec01f401aa61337a0
    dependencies: []
    source:
      registry_url: https://components.espressif.com/
      type: service
    version: 9.2.2
direct_dependencies:
- lvgl/lvgl
manifest_hash: dfa1487b897465fb38ef4910859349f9166f036516c8c97a840187077fac3730
target: esp32s3
version: 2.0.0
